
Microsoft Visual Studio Solution File, Format Version 12.00
# Visual Studio Version 17
VisualStudioVersion = 17.1.32228.430
MinimumVisualStudioVersion = 10.0.40219.1
Project("{888888A0-9F3D-457C-B088-3A5042F75D52}") = "LearningFlask", "FlaskWebProject1\LearningFlask.pyproj", "{4EA15391-7B02-4961-99E0-8D14A79C2DD3}"
EndProject
Global
	GlobalSection(SolutionConfigurationPlatforms) = preSolution
		Debug|Any CPU = Debug|Any CPU
		Release|Any CPU = Release|Any CPU
	EndGlobalSection
	GlobalSection(ProjectConfigurationPlatforms) = postSolution
		{4EA15391-7B02-4961-99E0-8D14A79C2DD3}.Debug|Any CPU.ActiveCfg = Debug|Any CPU
		{4EA15391-7B02-4961-99E0-8D14A79C2DD3}.Debug|Any CPU.Build.0 = Debug|Any CPU
		{4EA15391-7B02-4961-99E0-8D14A79C2DD3}.Release|Any CPU.ActiveCfg = Release|Any CPU
		{4EA15391-7B02-4961-99E0-8D14A79C2DD3}.Release|Any CPU.Build.0 = Release|Any CPU
	EndGlobalSection
	GlobalSection(SolutionProperties) = preSolution
		HideSolutionNode = FALSE
	EndGlobalSection
	GlobalSection(ExtensibilityGlobals) = postSolution
		SolutionGuid = {96A26758-1DB7-409F-865F-6F26D00B6B61}
	EndGlobalSection
EndGlobal
